// !$*UTF8*$!
{
	archiveVersion = 1;
	classes = {
	};
	objectVersion = 46;
	objects = {

/* Begin PBXBuildFile section */
		840A6BF41CE0E57D005F6660 /* AppDelegate.swift in Sources */ = {isa = PBXBuildFile; fileRef = 840A6BF31CE0E57D005F6660 /* AppDelegate.swift */; };
		840A6BF61CE0E57D005F6660 /* ViewController.swift in Sources */ = {isa = PBXBuildFile; fileRef = 840A6BF51CE0E57D005F6660 /* ViewController.swift */; };
		840A6BF91CE0E57D005F6660 /* Main.storyboard in Resources */ = {isa = PBXBuildFile; fileRef = 840A6BF71CE0E57D005F6660 /* Main.storyboard */; };
		840A6BFB1CE0E57D005F6660 /* Assets.xcassets in Resources */ = {isa = PBXBuildFile; fileRef = 840A6BFA1CE0E57D005F6660 /* Assets.xcassets */; };
		840A6BFE1CE0E57D005F6660 /* LaunchScreen.storyboard in Resources */ = {isa = PBXBuildFile; fileRef = 840A6BFC1CE0E57D005F6660 /* LaunchScreen.storyboard */; };
		840A6C061CE144E0005F6660 /* Character.swift in Sources */ = {isa = PBXBuildFile; fileRef = 840A6C051CE144E0005F6660 /* Character.swift */; };
		840A6C081CE1461C005F6660 /* Player.swift in Sources */ = {isa = PBXBuildFile; fileRef = 840A6C071CE1461C005F6660 /* Player.swift */; };
		840A6C0A1CE245FE005F6660 /* Enemy.swift in Sources */ = {isa = PBXBuildFile; fileRef = 840A6C091CE245FE005F6660 /* Enemy.swift */; };
		840A6C0C1CE2476A005F6660 /* Kimara.swift in Sources */ = {isa = PBXBuildFile; fileRef = 840A6C0B1CE2476A005F6660 /* Kimara.swift */; };
		840A6C0E1CE24896005F6660 /* DevilWizard.swift in Sources */ = {isa = PBXBuildFile; fileRef = 840A6C0D1CE24896005F6660 /* DevilWizard.swift */; };
/* End PBXBuildFile section */

/* Begin PBXFileReference section */
		840A6BF01CE0E57D005F6660 /* rpgoop.app */ = {isa = PBXFileReference; explicitFileType = wrapper.application; includeInIndex = 0; path = rpgoop.app; sourceTree = BUILT_PRODUCTS_DIR; };
		840A6BF31CE0E57D005F6660 /* AppDelegate.swift */ = {isa = PBXFileReference; lastKnownFileType = sourcecode.swift; path = AppDelegate.swift; sourceTree = "<group>"; };
		840A6BF51CE0E57D005F6660 /* ViewController.swift */ = {isa = PBXFileReference; lastKnownFileType = sourcecode.swift; path = ViewController.swift; sourceTree = "<group>"; };
		840A6BF81CE0E57D005F6660 /* Base */ = {isa = PBXFileReference; lastKnownFileType = file.storyboard; name = Base; path = Base.lproj/Main.storyboard; sourceTree = "<group>"; };
		840A6BFA1CE0E57D005F6660 /* Assets.xcassets */ = {isa = PBXFileReference; lastKnownFileType = folder.assetcatalog; path = Assets.xcassets; sourceTree = "<group>"; };
		840A6BFD1CE0E57D005F6660 /* Base */ = {isa = PBXFileReference; lastKnownFileType = file.storyboard; name = Base; path = Base.lproj/LaunchScreen.storyboard; sourceTree = "<group>"; };
		840A6BFF1CE0E57D005F6660 /* Info.plist */ = {isa = PBXFileReference; lastKnownFileType = text.plist.xml; path = Info.plist; sourceTree = "<group>"; };
		840A6C051CE144E0005F6660 /* Character.swift */ = {isa = PBXFileReference; fileEncoding = 4; lastKnownFileType = sourcecode.swift; path = Character.swift; sourceTree = "<group>"; };
		840A6C071CE1461C005F6660 /* Player.swift */ = {isa = PBXFileReference; fileEncoding = 4; lastKnownFileType = sourcecode.swift; path = Player.swift; sourceTree = "<group>"; };
		840A6C091CE245FE005F6660 /* Enemy.swift */ = {isa = PBXFileReference; fileEncoding = 4; lastKnownFileType = sourcecode.swift; path = Enemy.swift; sourceTree = "<group>"; };
		840A6C0B1CE2476A005F6660 /* Kimara.swift */ = {isa = PBXFileReference; fileEncoding = 4; lastKnownFileType = sourcecode.swift; path = Kimara.swift; sourceTree = "<group>"; };
		840A6C0D1CE24896005F6660 /* DevilWizard.swift */ = {isa = PBXFileReference; fileEncoding = 4; lastKnownFileType = sourcecode.swift; path = DevilWizard.swift; sourceTree = "<group>"; };
/* End PBXFileReference section */

/* Begin PBXFrameworksBuildPhase section */
		840A6BED1CE0E57D005F6660 /* Frameworks */ = {
			isa = PBXFrameworksBuildPhase;
			buildActionMask = 2147483647;
			files = (
			);
			runOnlyForDeploymentPostprocessing = 0;
		};
/* End PBXFrameworksBuildPhase section */

/* Begin PBXGroup section */
		840A6BE71CE0E57D005F6660 = {
			isa = PBXGroup;
			children = (
				840A6BF21CE0E57D005F6660 /* rpgoop */,
				840A6BF11CE0E57D005F6660 /* Products */,
			);
			sourceTree = "<group>";
		};
		840A6BF11CE0E57D005F6660 /* Products */ = {
			isa = PBXGroup;
			children = (
				840A6BF01CE0E57D005F6660 /* rpgoop.app */,
			);
			name = Products;
			sourceTree = "<group>";
		};
		840A6BF21CE0E57D005F6660 /* rpgoop */ = {
			isa = PBXGroup;
			children = (
				840A6BF31CE0E57D005F6660 /* AppDelegate.swift */,
				840A6BF51CE0E57D005F6660 /* ViewController.swift */,
				840A6BF71CE0E57D005F6660 /* Main.storyboard */,
				840A6BFA1CE0E57D005F6660 /* Assets.xcassets */,
				840A6BFC1CE0E57D005F6660 /* LaunchScreen.storyboard */,
				840A6BFF1CE0E57D005F6660 /* Info.plist */,
				840A6C051CE144E0005F6660 /* Character.swift */,
				840A6C071CE1461C005F6660 /* Player.swift */,
				840A6C091CE245FE005F6660 /* Enemy.swift */,
				840A6C0B1CE2476A005F6660 /* Kimara.swift */,
				840A6C0D1CE24896005F6660 /* DevilWizard.swift */,
			);
			path = rpgoop;
			sourceTree = "<group>";
		};
/* End PBXGroup section */

/* Begin PBXNativeTarget section */
		840A6BEF1CE0E57D005F6660 /* rpgoop */ = {
			isa = PBXNativeTarget;
			buildConfigurationList = 840A6C021CE0E57D005F6660 /* Build configuration list for PBXNativeTarget "rpgoop" */;
			buildPhases = (
				840A6BEC1CE0E57D005F6660 /* Sources */,
				840A6BED1CE0E57D005F6660 /* Frameworks */,
				840A6BEE1CE0E57D005F6660 /* Resources */,
			);
			buildRules = (
			);
			dependencies = (
			);
			name = rpgoop;
			productName = rpgoop;
			productReference = 840A6BF01CE0E57D005F6660 /* rpgoop.app */;
			productType = "com.apple.product-type.application";
		};
/* End PBXNativeTarget section */

/* Begin PBXProject section */
		840A6BE81CE0E57D005F6660 /* Project object */ = {
			isa = PBXProject;
			attributes = {
				LastSwiftUpdateCheck = 0730;
				LastUpgradeCheck = 0730;
				ORGANIZATIONNAME = bentalarico;
				TargetAttributes = {
					840A6BEF1CE0E57D005F6660 = {
						CreatedOnToolsVersion = 7.3.1;
					};
				};
			};
			buildConfigurationList = 840A6BEB1CE0E57D005F6660 /* Build configuration list for PBXProject "rpgoop" */;
			compatibilityVersion = "Xcode 3.2";
			developmentRegion = English;
			hasScannedForEncodings = 0;
			knownRegions = (
				en,
				Base,
			);
			mainGroup = 840A6BE71CE0E57D005F6660;
			productRefGroup = 840A6BF11CE0E57D005F6660 /* Products */;
			projectDirPath = "";
			projectRoot = "";
			targets = (
				840A6BEF1CE0E57D005F6660 /* rpgoop */,
			);
		};
/* End PBXProject section */

/* Begin PBXResourcesBuildPhase section */
		840A6BEE1CE0E57D005F6660 /* Resources */ = {
			isa = PBXResourcesBuildPhase;
			buildActionMask = 2147483647;
			files = (
				840A6BFE1CE0E57D005F6660 /* LaunchScreen.storyboard in Resources */,
				840A6BFB1CE0E57D005F6660 /* Assets.xcassets in Resources */,
				840A6BF91CE0E57D005F6660 /* Main.storyboard in Resources */,
			);
			runOnlyForDeploymentPostprocessing = 0;
		};
/* End PBXResourcesBuildPhase section */

/* Begin PBXSourcesBuildPhase section */
		840A6BEC1CE0E57D005F6660 /* Sources */ = {
			isa = PBXSourcesBuildPhase;
			buildActionMask = 2147483647;
			files = (
				840A6C081CE1461C005F6660 /* Player.swift in Sources */,
				840A6C0A1CE245FE005F6660 /* Enemy.swift in Sources */,
				840A6C0E1CE24896005F6660 /* DevilWizard.swift in Sources */,
				840A6C0C1CE2476A005F6660 /* Kimara.swift in Sources */,
				840A6C061CE144E0005F6660 /* Character.swift in Sources */,
				840A6BF61CE0E57D005F6660 /* ViewController.swift in Sources */,
				840A6BF41CE0E57D005F6660 /* AppDelegate.swift in Sources */,
			);
			runOnlyForDeploymentPostprocessing = 0;
		};
/* End PBXSourcesBuildPhase section */

/* Begin PBXVariantGroup section */
		840A6BF71CE0E57D005F6660 /* Main.storyboard */ = {
			isa = PBXVariantGroup;
			children = (
				840A6BF81CE0E57D005F6660 /* Base */,
			);
			name = Main.storyboard;
			sourceTree = "<group>";
		};
		840A6BFC1CE0E57D005F6660 /* LaunchScreen.storyboard */ = {
			isa = PBXVariantGroup;
			children = (
				840A6BFD1CE0E57D005F6660 /* Base */,
			);
			name = LaunchScreen.storyboard;
			sourceTree = "<group>";
		};
/* End PBXVariantGroup section */

/* Begin XCBuildConfiguration section */
		840A6C001CE0E57D005F6660 /* Debug */ = {
			isa = XCBuildConfiguration;
			buildSettings = {
				ALWAYS_SEARCH_USER_PATHS = NO;
				CLANG_ANALYZER_NONNULL = YES;
				CLANG_CXX_LANGUAGE_STANDARD = "gnu++0x";
				CLANG_CXX_LIBRARY = "libc++";
				CLANG_ENABLE_MODULES = YES;
				CLANG_ENABLE_OBJC_ARC = YES;
				CLANG_WARN_BOOL_CONVERSION = YES;
				CLANG_WARN_CONSTANT_CONVERSION = YES;
				CLANG_WARN_DIRECT_OBJC_ISA_USAGE = YES_ERROR;
				CLANG_WARN_EMPTY_BODY = YES;
				CLANG_WARN_ENUM_CONVERSION = YES;
				CLANG_WARN_INT_CONVERSION = YES;
				CLANG_WARN_OBJC_ROOT_CLASS = YES_ERROR;
				CLANG_WARN_UNREACHABLE_CODE = YES;
				CLANG_WARN__DUPLICATE_METHOD_MATCH = YES;
				"CODE_SIGN_IDENTITY[sdk=iphoneos*]" = "iPhone Developer";
				COPY_PHASE_STRIP = NO;
				DEBUG_INFORMATION_FORMAT = dwarf;
				ENABLE_STRICT_OBJC_MSGSEND = YES;
				ENABLE_TESTABILITY = YES;
				GCC_C_LANGUAGE_STANDARD = gnu99;
				GCC_DYNAMIC_NO_PIC = NO;
				GCC_NO_COMMON_BLOCKS = YES;
				GCC_OPTIMIZATION_LEVEL = 0;
				GCC_PREPROCESSOR_DEFINITIONS = (
					"DEBUG=1",
					"$(inherited)",
				);
				GCC_WARN_64_TO_32_BIT_CONVERSION = YES;
				GCC_WARN_ABOUT_RETURN_TYPE = YES_ERROR;
				GCC_WARN_UNDECLARED_SELECTOR = YES;
				GCC_WARN_UNINITIALIZED_AUTOS = YES_AGGRESSIVE;
				GCC_WARN_UNUSED_FUNCTION = YES;
				GCC_WARN_UNUSED_VARIABLE = YES;
				IPHONEOS_DEPLOYMENT_TARGET = 9.3;
				MTL_ENABLE_DEBUG_INFO = YES;
				ONLY_ACTIVE_ARCH = YES;
				SDKROOT = iphoneos;
				SWIFT_OPTIMIZATION_LEVEL = "-Onone";
				TARGETED_DEVICE_FAMILY = "1,2";
			};
			name = Debug;
		};
		840A6C011CE0E57D005F6660 /* Release */ = {
			isa = XCBuildConfiguration;
			buildSettings = {
				ALWAYS_SEARCH_USER_PATHS = NO;
				CLANG_ANALYZER_NONNULL = YES;
				CLANG_CXX_LANGUAGE_STANDARD = "gnu++0x";
				CLANG_CXX_LIBRARY = "libc++";
				CLANG_ENABLE_MODULES = YES;
				CLANG_ENABLE_OBJC_ARC = YES;
				CLANG_WARN_BOOL_CONVERSION = YES;
				CLANG_WARN_CONSTANT_CONVERSION = YES;
				CLANG_WARN_DIRECT_OBJC_ISA_USAGE = YES_ERROR;
				CLANG_WARN_EMPTY_BODY = YES;
				CLANG_WARN_ENUM_CONVERSION = YES;
				CLANG_WARN_INT_CONVERSION = YES;
				CLANG_WARN_OBJC_ROOT_CLASS = YES_ERROR;
				CLANG_WARN_UNREACHABLE_CODE = YES;
				CLANG_WARN__DUPLICATE_METHOD_MATCH = YES;
				"CODE_SIGN_IDENTITY[sdk=iphoneos*]" = "iPhone Developer";
				COPY_PHASE_STRIP = NO;
				DEBUG_INFORMATION_FORMAT = "dwarf-with-dsym";
				ENABLE_NS_ASSERTIONS = NO;
				ENABLE_STRICT_OBJC_MSGSEND = YES;
				GCC_C_LANGUAGE_STANDARD = gnu99;
				GCC_NO_COMMON_BLOCKS = YES;
				GCC_WARN_64_TO_32_BIT_CONVERSION = YES;
				GCC_WARN_ABOUT_RETURN_TYPE = YES_ERROR;
				GCC_WARN_UNDECLARED_SELECTOR = YES;
				GCC_WARN_UNINITIALIZED_AUTOS = YES_AGGRESSIVE;
				GCC_WARN_UNUSED_FUNCTION = YES;
				GCC_WARN_UNUSED_VARIABLE = YES;
				IPHONEOS_DEPLOYMENT_TARGET = 9.3;
				MTL_ENABLE_DEBUG_INFO = NO;
				SDKROOT = iphoneos;
				TARGETED_DEVICE_FAMILY = "1,2";
				VALIDATE_PRODUCT = YES;
			};
			name = Release;
		};
		840A6C031CE0E57D005F6660 /* Debug */ = {
			isa = XCBuildConfiguration;
			buildSettings = {
				ASSETCATALOG_COMPILER_APPICON_NAME = AppIcon;
				INFOPLIST_FILE = rpgoop/Info.plist;
				LD_RUNPATH_SEARCH_PATHS = "$(inherited) @executable_path/Frameworks";
				PRODUCT_BUNDLE_IDENTIFIER = com.bentalarico.rpgoop;
				PRODUCT_NAME = "$(TARGET_NAME)";
			};
			name = Debug;
		};
		840A6C041CE0E57D005F6660 /* Release */ = {
			isa = XCBuildConfiguration;
			buildSettings = {
				ASSETCATALOG_COMPILER_APPICON_NAME = AppIcon;
				INFOPLIST_FILE = rpgoop/Info.plist;
				LD_RUNPATH_SEARCH_PATHS = "$(inherited) @executable_path/Frameworks";
				PRODUCT_BUNDLE_IDENTIFIER = com.bentalarico.rpgoop;
				PRODUCT_NAME = "$(TARGET_NAME)";
			};
			name = Release;
		};
/* End XCBuildConfiguration section */

/* Begin XCConfigurationList section */
		840A6BEB1CE0E57D005F6660 /* Build configuration list for PBXProject "rpgoop" */ = {
			isa = XCConfigurationList;
			buildConfigurations = (
				840A6C001CE0E57D005F6660 /* Debug */,
				840A6C011CE0E57D005F6660 /* Release */,
			);
			defaultConfigurationIsVisible = 0;
			defaultConfigurationName = Release;
		};
		840A6C021CE0E57D005F6660 /* Build configuration list for PBXNativeTarget "rpgoop" */ = {
			isa = XCConfigurationList;
			buildConfigurations = (
				840A6C031CE0E57D005F6660 /* Debug */,
				840A6C041CE0E57D005F6660 /* Release */,
			);
			defaultConfigurationIsVisible = 0;
		};
/* End XCConfigurationList section */
	};
	rootObject = 840A6BE81CE0E57D005F6660 /* Project object */;
}
